// !$*UTF8*$!
{
	archiveVersion = 1;
	classes = {
	};
	objectVersion = 50;
	objects = {

/* Begin PBXBuildFile section */
		28C75CDE234D1AB800FE2B8F /* AppDelegate.swift in Sources */ = {isa = PBXBuildFile; fileRef = 28C75CDD234D1AB800FE2B8F /* AppDelegate.swift */; };
		28C75CE3234D1AB800FE2B8F /* Main.storyboard in Resources */ = {isa = PBXBuildFile; fileRef = 28C75CE1234D1AB800FE2B8F /* Main.storyboard */; };
		28C75CE5234D1ABE00FE2B8F /* Assets.xcassets in Resources */ = {isa = PBXBuildFile; fileRef = 28C75CE4234D1ABE00FE2B8F /* Assets.xcassets */; };
		28C75CE8234D1ABE00FE2B8F /* LaunchScreen.storyboard in Resources */ = {isa = PBXBuildFile; fileRef = 28C75CE6234D1ABE00FE2B8F /* LaunchScreen.storyboard */; };
		28C75CF0234D1E6600FE2B8F /* ExchangeRateViewController.swift in Sources */ = {isa = PBXBuildFile; fileRef = 28C75CEF234D1E6600FE2B8F /* ExchangeRateViewController.swift */; };
		28C75CF7234E1A7100FE2B8F /* ExchangeService.swift in Sources */ = {isa = PBXBuildFile; fileRef = 28C75CF6234E1A7100FE2B8F /* ExchangeService.swift */; };
		28C75D14235CCF0600FE2B8F /* ExchangeRate.swift in Sources */ = {isa = PBXBuildFile; fileRef = 28C75D13235CCF0600FE2B8F /* ExchangeRate.swift */; };
		28FC1CD1235E3CA7002D6A27 /* ExchangeServiceTestCase.swift in Sources */ = {isa = PBXBuildFile; fileRef = 28FC1CD0235E3CA7002D6A27 /* ExchangeServiceTestCase.swift */; };
		28FC1CD3235E3ED6002D6A27 /* ExchangeRate.json in Resources */ = {isa = PBXBuildFile; fileRef = 28FC1CD2235E3ED6002D6A27 /* ExchangeRate.json */; };
		28FC1CD5235E3FA6002D6A27 /* FakeResponseData.swift in Sources */ = {isa = PBXBuildFile; fileRef = 28FC1CD4235E3FA6002D6A27 /* FakeResponseData.swift */; };
		28FC1CD7235E4013002D6A27 /* URLSessionFake.swift in Sources */ = {isa = PBXBuildFile; fileRef = 28FC1CD6235E4013002D6A27 /* URLSessionFake.swift */; };
		28FC1CDD235F4948002D6A27 /* Translation.json in Resources */ = {isa = PBXBuildFile; fileRef = 28FC1CDC235F4948002D6A27 /* Translation.json */; };
		28FC1CDF235F49CF002D6A27 /* TranslationServiceTestCase.swift in Sources */ = {isa = PBXBuildFile; fileRef = 28FC1CDE235F49CF002D6A27 /* TranslationServiceTestCase.swift */; };
		28FC1CE1235F501D002D6A27 /* TranslationService.swift in Sources */ = {isa = PBXBuildFile; fileRef = 28FC1CE0235F501D002D6A27 /* TranslationService.swift */; };
		28FC1CE3235F50DD002D6A27 /* Translation.swift in Sources */ = {isa = PBXBuildFile; fileRef = 28FC1CE2235F50DD002D6A27 /* Translation.swift */; };
		28FC1CE5235F804F002D6A27 /* TranslationViewController.swift in Sources */ = {isa = PBXBuildFile; fileRef = 28FC1CE4235F804F002D6A27 /* TranslationViewController.swift */; };
		28FC1CE7235F8A86002D6A27 /* KeyAPI.swift in Sources */ = {isa = PBXBuildFile; fileRef = 28FC1CE6235F8A86002D6A27 /* KeyAPI.swift */; };
/* End PBXBuildFile section */

/* Begin PBXContainerItemProxy section */
		28FC1CC9235E3B53002D6A27 /* PBXContainerItemProxy */ = {
			isa = PBXContainerItemProxy;
			containerPortal = 28C75CD2234D1AB800FE2B8F /* Project object */;
			proxyType = 1;
			remoteGlobalIDString = 28C75CD9234D1AB800FE2B8F;
			remoteInfo = LeBaluchon;
		};
/* End PBXContainerItemProxy section */

/* Begin PBXFileReference section */
		28C75CDA234D1AB800FE2B8F /* LeBaluchon.app */ = {isa = PBXFileReference; explicitFileType = wrapper.application; includeInIndex = 0; path = LeBaluchon.app; sourceTree = BUILT_PRODUCTS_DIR; };
		28C75CDD234D1AB800FE2B8F /* AppDelegate.swift */ = {isa = PBXFileReference; lastKnownFileType = sourcecode.swift; path = AppDelegate.swift; sourceTree = "<group>"; };
		28C75CE2234D1AB800FE2B8F /* Base */ = {isa = PBXFileReference; lastKnownFileType = file.storyboard; name = Base; path = Base.lproj/Main.storyboard; sourceTree = "<group>"; };
		28C75CE4234D1ABE00FE2B8F /* Assets.xcassets */ = {isa = PBXFileReference; lastKnownFileType = folder.assetcatalog; path = Assets.xcassets; sourceTree = "<group>"; };
		28C75CE7234D1ABE00FE2B8F /* Base */ = {isa = PBXFileReference; lastKnownFileType = file.storyboard; name = Base; path = Base.lproj/LaunchScreen.storyboard; sourceTree = "<group>"; };
		28C75CE9234D1ABE00FE2B8F /* Info.plist */ = {isa = PBXFileReference; lastKnownFileType = text.plist.xml; path = Info.plist; sourceTree = "<group>"; };
		28C75CEF234D1E6600FE2B8F /* ExchangeRateViewController.swift */ = {isa = PBXFileReference; lastKnownFileType = sourcecode.swift; path = ExchangeRateViewController.swift; sourceTree = "<group>"; };
		28C75CF6234E1A7100FE2B8F /* ExchangeService.swift */ = {isa = PBXFileReference; lastKnownFileType = sourcecode.swift; path = ExchangeService.swift; sourceTree = "<group>"; };
		28C75D13235CCF0600FE2B8F /* ExchangeRate.swift */ = {isa = PBXFileReference; lastKnownFileType = sourcecode.swift; path = ExchangeRate.swift; sourceTree = "<group>"; };
		28FC1CC4235E3B53002D6A27 /* LeBaluchonTests.xctest */ = {isa = PBXFileReference; explicitFileType = wrapper.cfbundle; includeInIndex = 0; path = LeBaluchonTests.xctest; sourceTree = BUILT_PRODUCTS_DIR; };
		28FC1CC8235E3B53002D6A27 /* Info.plist */ = {isa = PBXFileReference; lastKnownFileType = text.plist.xml; path = Info.plist; sourceTree = "<group>"; };
		28FC1CD0235E3CA7002D6A27 /* ExchangeServiceTestCase.swift */ = {isa = PBXFileReference; lastKnownFileType = sourcecode.swift; path = ExchangeServiceTestCase.swift; sourceTree = "<group>"; };
		28FC1CD2235E3ED6002D6A27 /* ExchangeRate.json */ = {isa = PBXFileReference; lastKnownFileType = text.json; path = ExchangeRate.json; sourceTree = "<group>"; };
		28FC1CD4235E3FA6002D6A27 /* FakeResponseData.swift */ = {isa = PBXFileReference; lastKnownFileType = sourcecode.swift; path = FakeResponseData.swift; sourceTree = "<group>"; };
		28FC1CD6235E4013002D6A27 /* URLSessionFake.swift */ = {isa = PBXFileReference; lastKnownFileType = sourcecode.swift; path = URLSessionFake.swift; sourceTree = "<group>"; };
		28FC1CDC235F4948002D6A27 /* Translation.json */ = {isa = PBXFileReference; lastKnownFileType = text.json; path = Translation.json; sourceTree = "<group>"; };
		28FC1CDE235F49CF002D6A27 /* TranslationServiceTestCase.swift */ = {isa = PBXFileReference; lastKnownFileType = sourcecode.swift; path = TranslationServiceTestCase.swift; sourceTree = "<group>"; };
		28FC1CE0235F501D002D6A27 /* TranslationService.swift */ = {isa = PBXFileReference; lastKnownFileType = sourcecode.swift; path = TranslationService.swift; sourceTree = "<group>"; };
		28FC1CE2235F50DD002D6A27 /* Translation.swift */ = {isa = PBXFileReference; lastKnownFileType = sourcecode.swift; path = Translation.swift; sourceTree = "<group>"; };
		28FC1CE4235F804F002D6A27 /* TranslationViewController.swift */ = {isa = PBXFileReference; lastKnownFileType = sourcecode.swift; path = TranslationViewController.swift; sourceTree = "<group>"; };
		28FC1CE6235F8A86002D6A27 /* KeyAPI.swift */ = {isa = PBXFileReference; lastKnownFileType = sourcecode.swift; path = KeyAPI.swift; sourceTree = "<group>"; };
/* End PBXFileReference section */

/* Begin PBXFrameworksBuildPhase section */
		28C75CD7234D1AB800FE2B8F /* Frameworks */ = {
			isa = PBXFrameworksBuildPhase;
			buildActionMask = 2147483647;
			files = (
			);
			runOnlyForDeploymentPostprocessing = 0;
		};
		28FC1CC1235E3B53002D6A27 /* Frameworks */ = {
			isa = PBXFrameworksBuildPhase;
			buildActionMask = 2147483647;
			files = (
			);
			runOnlyForDeploymentPostprocessing = 0;
		};
/* End PBXFrameworksBuildPhase section */

/* Begin PBXGroup section */
		28C75CD1234D1AB800FE2B8F = {
			isa = PBXGroup;
			children = (
				28C75CDC234D1AB800FE2B8F /* LeBaluchon */,
				28FC1CC5235E3B53002D6A27 /* LeBaluchonTests */,
				28C75CDB234D1AB800FE2B8F /* Products */,
			);
			sourceTree = "<group>";
		};
		28C75CDB234D1AB800FE2B8F /* Products */ = {
			isa = PBXGroup;
			children = (
				28C75CDA234D1AB800FE2B8F /* LeBaluchon.app */,
				28FC1CC4235E3B53002D6A27 /* LeBaluchonTests.xctest */,
			);
			name = Products;
			sourceTree = "<group>";
		};
		28C75CDC234D1AB800FE2B8F /* LeBaluchon */ = {
			isa = PBXGroup;
			children = (
				28C75CF1234E193C00FE2B8F /* Model */,
				28C75CF3234E197600FE2B8F /* Controller */,
				28C75CF2234E194400FE2B8F /* View */,
				28C75CDD234D1AB800FE2B8F /* AppDelegate.swift */,
				28C75CE4234D1ABE00FE2B8F /* Assets.xcassets */,
				28C75CE9234D1ABE00FE2B8F /* Info.plist */,
				28FC1CE6235F8A86002D6A27 /* KeyAPI.swift */,
			);
			path = LeBaluchon;
			sourceTree = "<group>";
		};
		28C75CF1234E193C00FE2B8F /* Model */ = {
			isa = PBXGroup;
			children = (
				28C75CF6234E1A7100FE2B8F /* ExchangeService.swift */,
				28C75D13235CCF0600FE2B8F /* ExchangeRate.swift */,
				28FC1CE0235F501D002D6A27 /* TranslationService.swift */,
				28FC1CE2235F50DD002D6A27 /* Translation.swift */,
			);
			path = Model;
			sourceTree = "<group>";
		};
		28C75CF2234E194400FE2B8F /* View */ = {
			isa = PBXGroup;
			children = (
				28C75CE1234D1AB800FE2B8F /* Main.storyboard */,
				28C75CE6234D1ABE00FE2B8F /* LaunchScreen.storyboard */,
			);
			path = View;
			sourceTree = "<group>";
		};
		28C75CF3234E197600FE2B8F /* Controller */ = {
			isa = PBXGroup;
			children = (
				28C75CEF234D1E6600FE2B8F /* ExchangeRateViewController.swift */,
				28FC1CE4235F804F002D6A27 /* TranslationViewController.swift */,
			);
			path = Controller;
			sourceTree = "<group>";
		};
		28FC1CC5235E3B53002D6A27 /* LeBaluchonTests */ = {
			isa = PBXGroup;
			children = (
				28FC1CC8235E3B53002D6A27 /* Info.plist */,
				28FC1CD6235E4013002D6A27 /* URLSessionFake.swift */,
				28FC1CD4235E3FA6002D6A27 /* FakeResponseData.swift */,
				28FC1CD0235E3CA7002D6A27 /* ExchangeServiceTestCase.swift */,
				28FC1CD2235E3ED6002D6A27 /* ExchangeRate.json */,
				28FC1CDE235F49CF002D6A27 /* TranslationServiceTestCase.swift */,
				28FC1CDC235F4948002D6A27 /* Translation.json */,
			);
			path = LeBaluchonTests;
			sourceTree = "<group>";
		};
/* End PBXGroup section */

/* Begin PBXNativeTarget section */
		28C75CD9234D1AB800FE2B8F /* LeBaluchon */ = {
			isa = PBXNativeTarget;
			buildConfigurationList = 28C75CEC234D1ABE00FE2B8F /* Build configuration list for PBXNativeTarget "LeBaluchon" */;
			buildPhases = (
				28C75CD6234D1AB800FE2B8F /* Sources */,
				28C75CD7234D1AB800FE2B8F /* Frameworks */,
				28C75CD8234D1AB800FE2B8F /* Resources */,
			);
			buildRules = (
			);
			dependencies = (
			);
			name = LeBaluchon;
			productName = LeBaluchon;
			productReference = 28C75CDA234D1AB800FE2B8F /* LeBaluchon.app */;
			productType = "com.apple.product-type.application";
		};
		28FC1CC3235E3B53002D6A27 /* LeBaluchonTests */ = {
			isa = PBXNativeTarget;
			buildConfigurationList = 28FC1CCD235E3B54002D6A27 /* Build configuration list for PBXNativeTarget "LeBaluchonTests" */;
			buildPhases = (
				28FC1CC0235E3B53002D6A27 /* Sources */,
				28FC1CC1235E3B53002D6A27 /* Frameworks */,
				28FC1CC2235E3B53002D6A27 /* Resources */,
			);
			buildRules = (
			);
			dependencies = (
				28FC1CCA235E3B53002D6A27 /* PBXTargetDependency */,
			);
			name = LeBaluchonTests;
			productName = LeBaluchonTests;
			productReference = 28FC1CC4235E3B53002D6A27 /* LeBaluchonTests.xctest */;
			productType = "com.apple.product-type.bundle.unit-test";
		};
/* End PBXNativeTarget section */

/* Begin PBXProject section */
		28C75CD2234D1AB800FE2B8F /* Project object */ = {
			isa = PBXProject;
			attributes = {
				LastSwiftUpdateCheck = 1010;
				LastUpgradeCheck = 1010;
				ORGANIZATIONNAME = "Léo NICOLAS";
				TargetAttributes = {
					28C75CD9234D1AB800FE2B8F = {
						CreatedOnToolsVersion = 10.1;
					};
					28FC1CC3235E3B53002D6A27 = {
						CreatedOnToolsVersion = 10.1;
						LastSwiftMigration = 1010;
						TestTargetID = 28C75CD9234D1AB800FE2B8F;
					};
				};
			};
			buildConfigurationList = 28C75CD5234D1AB800FE2B8F /* Build configuration list for PBXProject "LeBaluchon" */;
			compatibilityVersion = "Xcode 9.3";
			developmentRegion = en;
			hasScannedForEncodings = 0;
			knownRegions = (
				en,
				Base,
			);
			mainGroup = 28C75CD1234D1AB800FE2B8F;
			productRefGroup = 28C75CDB234D1AB800FE2B8F /* Products */;
			projectDirPath = "";
			projectRoot = "";
			targets = (
				28C75CD9234D1AB800FE2B8F /* LeBaluchon */,
				28FC1CC3235E3B53002D6A27 /* LeBaluchonTests */,
			);
		};
/* End PBXProject section */

/* Begin PBXResourcesBuildPhase section */
		28C75CD8234D1AB800FE2B8F /* Resources */ = {
			isa = PBXResourcesBuildPhase;
			buildActionMask = 2147483647;
			files = (
				28C75CE8234D1ABE00FE2B8F /* LaunchScreen.storyboard in Resources */,
				28C75CE5234D1ABE00FE2B8F /* Assets.xcassets in Resources */,
				28C75CE3234D1AB800FE2B8F /* Main.storyboard in Resources */,
			);
			runOnlyForDeploymentPostprocessing = 0;
		};
		28FC1CC2235E3B53002D6A27 /* Resources */ = {
			isa = PBXResourcesBuildPhase;
			buildActionMask = 2147483647;
			files = (
				28FC1CD3235E3ED6002D6A27 /* ExchangeRate.json in Resources */,
				28FC1CDD235F4948002D6A27 /* Translation.json in Resources */,
			);
			runOnlyForDeploymentPostprocessing = 0;
		};
/* End PBXResourcesBuildPhase section */

/* Begin PBXSourcesBuildPhase section */
		28C75CD6234D1AB800FE2B8F /* Sources */ = {
			isa = PBXSourcesBuildPhase;
			buildActionMask = 2147483647;
			files = (
				28C75D14235CCF0600FE2B8F /* ExchangeRate.swift in Sources */,
				28FC1CE5235F804F002D6A27 /* TranslationViewController.swift in Sources */,
				28FC1CE7235F8A86002D6A27 /* KeyAPI.swift in Sources */,
				28FC1CE1235F501D002D6A27 /* TranslationService.swift in Sources */,
				28C75CF0234D1E6600FE2B8F /* ExchangeRateViewController.swift in Sources */,
				28C75CDE234D1AB800FE2B8F /* AppDelegate.swift in Sources */,
				28C75CF7234E1A7100FE2B8F /* ExchangeService.swift in Sources */,
				28FC1CE3235F50DD002D6A27 /* Translation.swift in Sources */,
			);
			runOnlyForDeploymentPostprocessing = 0;
		};
		28FC1CC0235E3B53002D6A27 /* Sources */ = {
			isa = PBXSourcesBuildPhase;
			buildActionMask = 2147483647;
			files = (
				28FC1CD1235E3CA7002D6A27 /* ExchangeServiceTestCase.swift in Sources */,
				28FC1CD7235E4013002D6A27 /* URLSessionFake.swift in Sources */,
				28FC1CDF235F49CF002D6A27 /* TranslationServiceTestCase.swift in Sources */,
				28FC1CD5235E3FA6002D6A27 /* FakeResponseData.swift in Sources */,
			);
			runOnlyForDeploymentPostprocessing = 0;
		};
/* End PBXSourcesBuildPhase section */

/* Begin PBXTargetDependency section */
		28FC1CCA235E3B53002D6A27 /* PBXTargetDependency */ = {
			isa = PBXTargetDependency;
			target = 28C75CD9234D1AB800FE2B8F /* LeBaluchon */;
			targetProxy = 28FC1CC9235E3B53002D6A27 /* PBXContainerItemProxy */;
		};
/* End PBXTargetDependency section */

/* Begin PBXVariantGroup section */
		28C75CE1234D1AB800FE2B8F /* Main.storyboard */ = {
			isa = PBXVariantGroup;
			children = (
				28C75CE2234D1AB800FE2B8F /* Base */,
			);
			name = Main.storyboard;
			sourceTree = "<group>";
		};
		28C75CE6234D1ABE00FE2B8F /* LaunchScreen.storyboard */ = {
			isa = PBXVariantGroup;
			children = (
				28C75CE7234D1ABE00FE2B8F /* Base */,
			);
			name = LaunchScreen.storyboard;
			sourceTree = "<group>";
		};
/* End PBXVariantGroup section */

/* Begin XCBuildConfiguration section */
		28C75CEA234D1ABE00FE2B8F /* Debug */ = {
			isa = XCBuildConfiguration;
			buildSettings = {
				ALWAYS_SEARCH_USER_PATHS = NO;
				CLANG_ANALYZER_NONNULL = YES;
				CLANG_ANALYZER_NUMBER_OBJECT_CONVERSION = YES_AGGRESSIVE;
				CLANG_CXX_LANGUAGE_STANDARD = "gnu++14";
				CLANG_CXX_LIBRARY = "libc++";
				CLANG_ENABLE_MODULES = YES;
				CLANG_ENABLE_OBJC_ARC = YES;
				CLANG_ENABLE_OBJC_WEAK = YES;
				CLANG_WARN_BLOCK_CAPTURE_AUTORELEASING = YES;
				CLANG_WARN_BOOL_CONVERSION = YES;
				CLANG_WARN_COMMA = YES;
				CLANG_WARN_CONSTANT_CONVERSION = YES;
				CLANG_WARN_DEPRECATED_OBJC_IMPLEMENTATIONS = YES;
				CLANG_WARN_DIRECT_OBJC_ISA_USAGE = YES_ERROR;
				CLANG_WARN_DOCUMENTATION_COMMENTS = YES;
				CLANG_WARN_EMPTY_BODY = YES;
				CLANG_WARN_ENUM_CONVERSION = YES;
				CLANG_WARN_INFINITE_RECURSION = YES;
				CLANG_WARN_INT_CONVERSION = YES;
				CLANG_WARN_NON_LITERAL_NULL_CONVERSION = YES;
				CLANG_WARN_OBJC_IMPLICIT_RETAIN_SELF = YES;
				CLANG_WARN_OBJC_LITERAL_CONVERSION = YES;
				CLANG_WARN_OBJC_ROOT_CLASS = YES_ERROR;
				CLANG_WARN_RANGE_LOOP_ANALYSIS = YES;
				CLANG_WARN_STRICT_PROTOTYPES = YES;
				CLANG_WARN_SUSPICIOUS_MOVE = YES;
				CLANG_WARN_UNGUARDED_AVAILABILITY = YES_AGGRESSIVE;
				CLANG_WARN_UNREACHABLE_CODE = YES;
				CLANG_WARN__DUPLICATE_METHOD_MATCH = YES;
				CODE_SIGN_IDENTITY = "iPhone Developer";
				COPY_PHASE_STRIP = NO;
				DEBUG_INFORMATION_FORMAT = dwarf;
				ENABLE_STRICT_OBJC_MSGSEND = YES;
				ENABLE_TESTABILITY = YES;
				GCC_C_LANGUAGE_STANDARD = gnu11;
				GCC_DYNAMIC_NO_PIC = NO;
				GCC_NO_COMMON_BLOCKS = YES;
				GCC_OPTIMIZATION_LEVEL = 0;
				GCC_PREPROCESSOR_DEFINITIONS = (
					"DEBUG=1",
					"$(inherited)",
				);
				GCC_WARN_64_TO_32_BIT_CONVERSION = YES;
				GCC_WARN_ABOUT_RETURN_TYPE = YES_ERROR;
				GCC_WARN_UNDECLARED_SELECTOR = YES;
				GCC_WARN_UNINITIALIZED_AUTOS = YES_AGGRESSIVE;
				GCC_WARN_UNUSED_FUNCTION = YES;
				GCC_WARN_UNUSED_VARIABLE = YES;
				IPHONEOS_DEPLOYMENT_TARGET = 12.1;
				MTL_ENABLE_DEBUG_INFO = INCLUDE_SOURCE;
				MTL_FAST_MATH = YES;
				ONLY_ACTIVE_ARCH = YES;
				SDKROOT = iphoneos;
				SWIFT_ACTIVE_COMPILATION_CONDITIONS = DEBUG;
				SWIFT_OPTIMIZATION_LEVEL = "-Onone";
			};
			name = Debug;
		};
		28C75CEB234D1ABE00FE2B8F /* Release */ = {
			isa = XCBuildConfiguration;
			buildSettings = {
				ALWAYS_SEARCH_USER_PATHS = NO;
				CLANG_ANALYZER_NONNULL = YES;
				CLANG_ANALYZER_NUMBER_OBJECT_CONVERSION = YES_AGGRESSIVE;
				CLANG_CXX_LANGUAGE_STANDARD = "gnu++14";
				CLANG_CXX_LIBRARY = "libc++";
				CLANG_ENABLE_MODULES = YES;
				CLANG_ENABLE_OBJC_ARC = YES;
				CLANG_ENABLE_OBJC_WEAK = YES;
				CLANG_WARN_BLOCK_CAPTURE_AUTORELEASING = YES;
				CLANG_WARN_BOOL_CONVERSION = YES;
				CLANG_WARN_COMMA = YES;
				CLANG_WARN_CONSTANT_CONVERSION = YES;
				CLANG_WARN_DEPRECATED_OBJC_IMPLEMENTATIONS = YES;
				CLANG_WARN_DIRECT_OBJC_ISA_USAGE = YES_ERROR;
				CLANG_WARN_DOCUMENTATION_COMMENTS = YES;
				CLANG_WARN_EMPTY_BODY = YES;
				CLANG_WARN_ENUM_CONVERSION = YES;
				CLANG_WARN_INFINITE_RECURSION = YES;
				CLANG_WARN_INT_CONVERSION = YES;
				CLANG_WARN_NON_LITERAL_NULL_CONVERSION = YES;
				CLANG_WARN_OBJC_IMPLICIT_RETAIN_SELF = YES;
				CLANG_WARN_OBJC_LITERAL_CONVERSION = YES;
				CLANG_WARN_OBJC_ROOT_CLASS = YES_ERROR;
				CLANG_WARN_RANGE_LOOP_ANALYSIS = YES;
				CLANG_WARN_STRICT_PROTOTYPES = YES;
				CLANG_WARN_SUSPICIOUS_MOVE = YES;
				CLANG_WARN_UNGUARDED_AVAILABILITY = YES_AGGRESSIVE;
				CLANG_WARN_UNREACHABLE_CODE = YES;
				CLANG_WARN__DUPLICATE_METHOD_MATCH = YES;
				CODE_SIGN_IDENTITY = "iPhone Developer";
				COPY_PHASE_STRIP = NO;
				DEBUG_INFORMATION_FORMAT = "dwarf-with-dsym";
				ENABLE_NS_ASSERTIONS = NO;
				ENABLE_STRICT_OBJC_MSGSEND = YES;
				GCC_C_LANGUAGE_STANDARD = gnu11;
				GCC_NO_COMMON_BLOCKS = YES;
				GCC_WARN_64_TO_32_BIT_CONVERSION = YES;
				GCC_WARN_ABOUT_RETURN_TYPE = YES_ERROR;
				GCC_WARN_UNDECLARED_SELECTOR = YES;
				GCC_WARN_UNINITIALIZED_AUTOS = YES_AGGRESSIVE;
				GCC_WARN_UNUSED_FUNCTION = YES;
				GCC_WARN_UNUSED_VARIABLE = YES;
				IPHONEOS_DEPLOYMENT_TARGET = 12.1;
				MTL_ENABLE_DEBUG_INFO = NO;
				MTL_FAST_MATH = YES;
				SDKROOT = iphoneos;
				SWIFT_COMPILATION_MODE = wholemodule;
				SWIFT_OPTIMIZATION_LEVEL = "-O";
				VALIDATE_PRODUCT = YES;
			};
			name = Release;
		};
		28C75CED234D1ABE00FE2B8F /* Debug */ = {
			isa = XCBuildConfiguration;
			buildSettings = {
				ASSETCATALOG_COMPILER_APPICON_NAME = AppIcon;
				CODE_SIGN_STYLE = Automatic;
				INFOPLIST_FILE = LeBaluchon/Info.plist;
				IPHONEOS_DEPLOYMENT_TARGET = 11.0;
				LD_RUNPATH_SEARCH_PATHS = (
					"$(inherited)",
					"@executable_path/Frameworks",
				);
				PRODUCT_BUNDLE_IDENTIFIER = fr.nicolasleo.LeBaluchon;
				PRODUCT_NAME = "$(TARGET_NAME)";
				SWIFT_VERSION = 4.2;
				TARGETED_DEVICE_FAMILY = "1,2";
			};
			name = Debug;
		};
		28C75CEE234D1ABE00FE2B8F /* Release */ = {
			isa = XCBuildConfiguration;
			buildSettings = {
				ASSETCATALOG_COMPILER_APPICON_NAME = AppIcon;
				CODE_SIGN_STYLE = Automatic;
				INFOPLIST_FILE = LeBaluchon/Info.plist;
				IPHONEOS_DEPLOYMENT_TARGET = 11.0;
				LD_RUNPATH_SEARCH_PATHS = (
					"$(inherited)",
					"@executable_path/Frameworks",
				);
				PRODUCT_BUNDLE_IDENTIFIER = fr.nicolasleo.LeBaluchon;
				PRODUCT_NAME = "$(TARGET_NAME)";
				SWIFT_VERSION = 4.2;
				TARGETED_DEVICE_FAMILY = "1,2";
			};
			name = Release;
		};
		28FC1CCB235E3B53002D6A27 /* Debug */ = {
			isa = XCBuildConfiguration;
			buildSettings = {
				BUNDLE_LOADER = "$(TEST_HOST)";
				CLANG_ENABLE_MODULES = YES;
				CODE_SIGN_STYLE = Automatic;
				INFOPLIST_FILE = LeBaluchonTests/Info.plist;
				LD_RUNPATH_SEARCH_PATHS = (
					"$(inherited)",
					"@executable_path/Frameworks",
					"@loader_path/Frameworks",
				);
				PRODUCT_BUNDLE_IDENTIFIER = fr.nicolasleo.LeBaluchonTests;
				PRODUCT_NAME = "$(TARGET_NAME)";
				SWIFT_OPTIMIZATION_LEVEL = "-Onone";
				SWIFT_VERSION = 4.2;
				TARGETED_DEVICE_FAMILY = "1,2";
				TEST_HOST = "$(BUILT_PRODUCTS_DIR)/LeBaluchon.app/LeBaluchon";
			};
			name = Debug;
		};
		28FC1CCC235E3B53002D6A27 /* Release */ = {
			isa = XCBuildConfiguration;
			buildSettings = {
				BUNDLE_LOADER = "$(TEST_HOST)";
				CLANG_ENABLE_MODULES = YES;
				CODE_SIGN_STYLE = Automatic;
				INFOPLIST_FILE = LeBaluchonTests/Info.plist;
				LD_RUNPATH_SEARCH_PATHS = (
					"$(inherited)",
					"@executable_path/Frameworks",
					"@loader_path/Frameworks",
				);
				PRODUCT_BUNDLE_IDENTIFIER = fr.nicolasleo.LeBaluchonTests;
				PRODUCT_NAME = "$(TARGET_NAME)";
				SWIFT_VERSION = 4.2;
				TARGETED_DEVICE_FAMILY = "1,2";
				TEST_HOST = "$(BUILT_PRODUCTS_DIR)/LeBaluchon.app/LeBaluchon";
			};
			name = Release;
		};
/* End XCBuildConfiguration section */

/* Begin XCConfigurationList section */
		28C75CD5234D1AB800FE2B8F /* Build configuration list for PBXProject "LeBaluchon" */ = {
			isa = XCConfigurationList;
			buildConfigurations = (
				28C75CEA234D1ABE00FE2B8F /* Debug */,
				28C75CEB234D1ABE00FE2B8F /* Release */,
			);
			defaultConfigurationIsVisible = 0;
			defaultConfigurationName = Release;
		};
		28C75CEC234D1ABE00FE2B8F /* Build configuration list for PBXNativeTarget "LeBaluchon" */ = {
			isa = XCConfigurationList;
			buildConfigurations = (
				28C75CED234D1ABE00FE2B8F /* Debug */,
				28C75CEE234D1ABE00FE2B8F /* Release */,
			);
			defaultConfigurationIsVisible = 0;
			defaultConfigurationName = Release;
		};
		28FC1CCD235E3B54002D6A27 /* Build configuration list for PBXNativeTarget "LeBaluchonTests" */ = {
			isa = XCConfigurationList;
			buildConfigurations = (
				28FC1CCB235E3B53002D6A27 /* Debug */,
				28FC1CCC235E3B53002D6A27 /* Release */,
			);
			defaultConfigurationIsVisible = 0;
			defaultConfigurationName = Release;
		};
/* End XCConfigurationList section */
	};
	rootObject = 28C75CD2234D1AB800FE2B8F /* Project object */;
}
